
Microsoft Visual Studio Solution File, Format Version 12.00
# Visual Studio 15
VisualStudioVersion = 15.0.27703.2035
MinimumVisualStudioVersion = 10.0.40219.1
Project("{FAE04EC0-301F-11D3-BF4B-00C04F79EFBC}") = "BigLetter", "BigLetter\BigLetter.csproj", "{EB5F857D-A291-434B-A78C-59819B641BAB}"
EndProject
Global
	GlobalSection(SolutionConfigurationPlatforms) = preSolution
		Debug|Any CPU = Debug|Any CPU
		Release|Any CPU = Release|Any CPU
	EndGlobalSection
	GlobalSection(ProjectConfigurationPlatforms) = postSolution
		{EB5F857D-A291-434B-A78C-59819B641BAB}.Debug|Any CPU.ActiveCfg = Debug|Any CPU
		{EB5F857D-A291-434B-A78C-59819B641BAB}.Debug|Any CPU.Build.0 = Debug|Any CPU
		{EB5F857D-A291-434B-A78C-59819B641BAB}.Release|Any CPU.ActiveCfg = Release|Any CPU
		{EB5F857D-A291-434B-A78C-59819B641BAB}.Release|Any CPU.Build.0 = Release|Any CPU
	EndGlobalSection
	GlobalSection(SolutionProperties) = preSolution
		HideSolutionNode = FALSE
	EndGlobalSection
	GlobalSection(ExtensibilityGlobals) = postSolution
		SolutionGuid = {9B12F8FF-FFD7-4662-8F74-CABCD0B2D544}
	EndGlobalSection
EndGlobal
